{
  "object": {
    "pins": [
      {
        "package": "cmark",
        "repositoryURL": "https://github.com/apple/swift-cmark.git",
        "state": {
          "branch": "main",
          "revision": "9c8096a23f44794bde297452d87c455fc4f76d42",
          "version": null
        }
      }
    ]
  },
  "version": 1
}
