{
  "object": {
    "pins": [
      {
        "package": "cmark-gfm",
        "repositoryURL": "https://github.com/apple/swift-cmark.git",
        "state": {
          "branch": "gfm",
          "revision": "bfdc057b5a02fc65af20771a7ba08f9c944eb117",
          "version": null
        }
      }
    ]
  },
  "version": 1
}
