{
  "object": {
    "pins": [
      {
        "package": "Yams",
        "repositoryURL": "https://github.com/jpsim/Yams.git",
        "state": {
          "branch": null,
          "revision": "01835dc202670b5bb90d07f3eae41867e9ed29f6",
          "version": "5.0.1"
        }
      }
    ]
  },
  "version": 1
}
