{
  "object": {
    "pins": [
      {
        "package": "Yams",
        "repositoryURL": "https://github.com/jpsim/Yams.git",
        "state": {
          "branch": null,
          "revision": "3d6871d5b4a5cd519adf233fbb576e0a2af71c17",
          "version": "5.4.0"
        }
      }
    ]
  },
  "version": 1
}
