{
  "pins" : [
    {
      "identity" : "swift-nio",
      "kind" : "remoteSourceControl",
      "location" : "https://github.com/apple/swift-nio.git",
      "state" : {
        "revision" : "154f1d32366449dcccf6375a173adf4ed2a74429",
        "version" : "2.38.0"
      }
    },
    {
      "identity" : "swift-nio-ssl",
      "kind" : "remoteSourceControl",
      "location" : "https://github.com/apple/swift-nio-ssl.git",
      "state" : {
        "revision" : "52a486ff6de9bc3e26bf634c5413c41c5fa89ca5",
        "version" : "2.17.2"
      }
    }
  ],
  "version" : 2
}
